hash: 13d51c4c53d6c88f4bb5f73e0f41dd76bd430f5d165102bdabc1e35a3c5988ce
updated: 2016-12-05T21:44:45.917495322+01:00
imports:
- name: code.cloudfoundry.org/bytefmt
  version: b12c1522f4cbb5f35861bd5dd2c39a4fa996441a
- name: github.com/Azure/go-ansiterm
  version: 70b2c90b260171e829f1ebd7c17f600c11858dbe
  subpackages:
  - winterm
- name: github.com/cloudfoundry/gosigar
  version: c32d31af94b0e9d3b2877e49c1a581ad5a793343
- name: github.com/daaku/go.zipexe
  version: a5fe2436ffcb3236e175e5149162b41cd28bd27d
- name: github.com/dgrijalva/jwt-go
  version: 9ed569b5d1ac936e6494082958d63a6aa4fff99a
- name: github.com/docker/distribution
  version: 0f2d99b13ae0cfbcf118eff103e6e680b726b47e
  subpackages:
  - context
  - digest
  - manifest
  - manifest/manifestlist
  - manifest/schema1
  - manifest/schema2
  - reference
  - registry/api/errcode
  - registry/api/v2
  - registry/client
  - registry/client/auth
  - registry/client/transport
  - registry/storage/cache
  - registry/storage/cache/memory
  - uuid
- name: github.com/docker/docker
  version: 20f81dde9bd97c86b2d0e33bbbf1388018611929
  subpackages:
  - api
  - api/server/httputils
  - builder
  - builder/dockerfile
  - builder/dockerfile/command
  - builder/dockerfile/parser
  - builder/dockerignore
  - cliconfig
  - container
  - daemon
  - daemon/events
  - daemon/exec
  - daemon/execdriver
  - daemon/execdriver/execdrivers
  - daemon/execdriver/native
  - daemon/execdriver/native/template
  - daemon/execdriver/windows
  - daemon/graphdriver
  - daemon/graphdriver/aufs
  - daemon/graphdriver/btrfs
  - daemon/graphdriver/devmapper
  - daemon/graphdriver/overlay
  - daemon/graphdriver/register
  - daemon/graphdriver/vfs
  - daemon/graphdriver/windows
  - daemon/graphdriver/zfs
  - daemon/links
  - daemon/logger
  - daemon/logger/awslogs
  - daemon/logger/fluentd
  - daemon/logger/gelf
  - daemon/logger/journald
  - daemon/logger/jsonfilelog
  - daemon/logger/loggerutils
  - daemon/logger/splunk
  - daemon/logger/syslog
  - daemon/network
  - distribution
  - distribution/metadata
  - distribution/xfer
  - dockerversion
  - errors
  - image
  - image/tarexport
  - image/v1
  - layer
  - migrate/v1
  - opts
  - pkg/aaparser
  - pkg/archive
  - pkg/authorization
  - pkg/broadcaster
  - pkg/chrootarchive
  - pkg/devicemapper
  - pkg/directory
  - pkg/discovery
  - pkg/discovery/kv
  - pkg/filenotify
  - pkg/fileutils
  - pkg/gitutils
  - pkg/graphdb
  - pkg/homedir
  - pkg/httputils
  - pkg/idtools
  - pkg/ioutils
  - pkg/jsonlog
  - pkg/jsonmessage
  - pkg/locker
  - pkg/longpath
  - pkg/loopback
  - pkg/mflag
  - pkg/mount
  - pkg/namesgenerator
  - pkg/parsers
  - pkg/parsers/kernel
  - pkg/parsers/operatingsystem
  - pkg/platform
  - pkg/plugins
  - pkg/pools
  - pkg/progress
  - pkg/promise
  - pkg/proxy
  - pkg/pubsub
  - pkg/random
  - pkg/reexec
  - pkg/registrar
  - pkg/signal
  - pkg/stdcopy
  - pkg/streamformatter
  - pkg/stringid
  - pkg/stringutils
  - pkg/symlink
  - pkg/sysinfo
  - pkg/system
  - pkg/tailfile
  - pkg/tarsum
  - pkg/term
  - pkg/term/windows
  - pkg/tlsconfig
  - pkg/truncindex
  - pkg/urlutil
  - pkg/useragent
  - pkg/version
  - reference
  - registry
  - runconfig
  - runconfig/opts
  - utils
  - volume
  - volume/drivers
  - volume/local
  - volume/store
- name: github.com/docker/engine-api
  version: 9fce4cd3fa3287f962842158509b0c438365397a
  subpackages:
  - types
  - types/blkiodev
  - types/container
  - types/events
  - types/filters
  - types/network
  - types/registry
  - types/strslice
  - types/time
  - types/versions/v1p19
  - types/versions/v1p20
- name: github.com/docker/go-connections
  version: 4e42727957c146776e5de9cec8c39e4059ed9f20
  subpackages:
  - nat
  - sockets
  - tlsconfig
- name: github.com/docker/go-units
  version: 651fc226e7441360384da338d0fd37f2440ffbe3
- name: github.com/docker/libtrust
  version: 9cbd2a1374f46905c68a4eb3694a130610adc62a
- name: github.com/GeertJohan/go.rice
  version: 9fdfd46f9806a9228aae341d65ab75c5235c383c
  subpackages:
  - embedded
- name: github.com/gogo/protobuf
  version: 82d16f734d6d871204a3feb1a73cb220cc92574c
  subpackages:
  - gogoproto
  - plugin/defaultcheck
  - plugin/description
  - plugin/embedcheck
  - plugin/enumstringer
  - plugin/equal
  - plugin/face
  - plugin/gostring
  - plugin/grpc
  - plugin/marshalto
  - plugin/oneofcheck
  - plugin/populate
  - plugin/size
  - plugin/stringer
  - plugin/testgen
  - plugin/union
  - plugin/unmarshal
  - proto
  - protoc-gen-gogo/descriptor
  - protoc-gen-gogo/generator
  - protoc-gen-gogo/plugin
  - vanity
  - vanity/command
- name: github.com/golang/glog
  version: 23def4e6c14b4da8ac2ed8007337bc5eb5007998
- name: github.com/golang/protobuf
  version: 9e6977f30c91c78396e719e164e57f9287fff42c
  subpackages:
  - proto
- name: github.com/gorilla/context
  version: 14f550f51af52180c2eefed15e5fd18d63c0a64a
- name: github.com/gorilla/mux
  version: e444e69cbd2e2e3e0749a2f3c717cec491552bbf
- name: github.com/hyperhq/hyperd
  version: 9f31f2a534d842d6d8f2a31c2a6f3a11b1cdcbc7
  subpackages:
  - client
  - client/api
  - engine
  - lib/promise
  - types
  - utils
- name: github.com/hyperhq/runv
  version: 30246d4d046d8cf462576e64e7056c7993ed8460
  subpackages:
  - driverloader
  - factory
  - factory/base
  - factory/cache
  - factory/direct
  - factory/multi
  - factory/single
  - factory/template
  - hyperstart/api/json
  - hypervisor
  - hypervisor/libvirt
  - hypervisor/network
  - hypervisor/network/ipallocator
  - hypervisor/network/iptables
  - hypervisor/network/portmapper
  - hypervisor/pod
  - hypervisor/qemu
  - hypervisor/types
  - hypervisor/vbox
  - hypervisor/xen
  - lib/govbox
  - lib/linuxsignal
  - lib/telnet
  - lib/term
  - lib/utils
  - template
- name: github.com/jessevdk/go-flags
  version: 1acbbaff2f347c412a0c7884873bd72cc9c1f5b4
- name: github.com/joho/godotenv
  version: a01a834e1654b4c9ca5b3ad05159445cc9c7ad08
- name: github.com/kardianos/osext
  version: c2c54e542fb797ad986b31721e1baedf214ca413
- name: github.com/kelseyhightower/envconfig
  version: 9aca109c9aec4633fced9717c4a09ecab3d33111
- name: github.com/labstack/echo
  version: 8d504c1b699c757b267255c53b3e5219f9974abc
  subpackages:
  - middleware
- name: github.com/labstack/gommon
  version: 447fe7433567c785af957e549aadae2bf2000071
  subpackages:
  - bytes
  - color
  - log
  - random
- name: github.com/mattn/go-colorable
  version: d228849504861217f796da67fae4f6e347643f15
- name: github.com/mattn/go-isatty
  version: 30a891c33c7cde7b02a981314b4228ec99380cca
- name: github.com/opencontainers/runc
  version: 47e3f834d73e76bc2a6a585b48d2a93325b34979
  subpackages:
  - libcontainer
  - libcontainer/apparmor
  - libcontainer/cgroups
  - libcontainer/cgroups/fs
  - libcontainer/cgroups/systemd
  - libcontainer/configs
  - libcontainer/configs/validate
  - libcontainer/criurpc
  - libcontainer/devices
  - libcontainer/label
  - libcontainer/nsenter
  - libcontainer/seccomp
  - libcontainer/selinux
  - libcontainer/stacktrace
  - libcontainer/system
  - libcontainer/user
  - libcontainer/utils
- name: github.com/opencontainers/runtime-spec
  version: b2f69c69e8cd3dc2ce6a58c27254a665ae3ccd5f
  subpackages:
  - specs-go
- name: github.com/robfig/cron
  version: 9585fd555638e77bba25f25db5c44b41f264aeb7
- name: github.com/Sirupsen/logrus
  version: d26492970760ca5d33129d2d799e34be5c4782eb
- name: github.com/tylerb/graceful
  version: 4df1190835320af7076dfcf27b3d071fd3612caf
- name: github.com/valyala/fasttemplate
  version: 3b874956e03f1636d171bda64b130f9135f42cff
- name: github.com/vbatts/tar-split
  version: 0de4e9db0c2672f3d741cb6738fc5ff00528dd91
  subpackages:
  - archive/tar
  - tar/asm
  - tar/storage
- name: golang.org/x/crypto
  version: 8a549a1948fc5271eb24f36dcb0d3b47dec75a16
  subpackages:
  - acme
  - acme/autocert
- name: golang.org/x/net
  version: fb93926129b8ec0056f2f458b1f519654814edf0
  subpackages:
  - context
  - context/ctxhttp
  - http2
  - http2/hpack
  - internal/timeseries
  - trace
  - websocket
- name: golang.org/x/sys
  version: ca83bd2cb9abb47839b50eb4da612f00158f5870
  subpackages:
  - unix
- name: google.golang.org/grpc
  version: 933601d8cd6418a8a891bd9075a7161b0a67badb
  subpackages:
  - codes
  - credentials
  - grpclog
  - metadata
  - naming
  - peer
  - transport
- name: gopkg.in/yaml.v2
  version: 7ad95dd0798a40da1ccdff6dff35fd177b5edf40
testImports: []
