memo = "273701610e9fd964b678f5ab649711775a66b6250cdecf03d109600fd9728aa0"

[[projects]]
  name = "github.com/BurntSushi/toml"
  packages = ["."]
  revision = "f706d00e3de6abe700c994cdd545a1a4915af060"

[[projects]]
  branch = "master"
  name = "github.com/asaskevich/govalidator"
  packages = ["."]
  revision = "872bb01704d183fe276bce6fa429408a87661998"

[[projects]]
  branch = "master"
  name = "github.com/auth0/go-jwt-middleware"
  packages = ["."]
  revision = "f3f7de3b9e394e3af3b88e1b9457f6f71d1ae0ac"

[[projects]]
  branch = "master"
  name = "github.com/dchest/uniuri"
  packages = ["."]
  revision = "8902c56451e9b58ff940bbe5fec35d5f9c04584a"

[[projects]]
  branch = "master"
  name = "github.com/dgrijalva/jwt-go"
  packages = ["."]
  revision = "2268707a8f0843315e2004ee4f1d021dc08baedf"

[[projects]]
  branch = "master"
  name = "github.com/go-pg/pg"
  packages = [".","internal","internal/parser","internal/pool","orm","types"]
  revision = "b80ead78e706aae155d29d808f0df17fccd8eea2"

[[projects]]
  branch = "master"
  name = "github.com/google/jsonapi"
  packages = ["."]
  revision = "af3dab1a94c31a072f7d7df740f4e42861aec7f0"

[[projects]]
  branch = "master"
  name = "github.com/gorilla/context"
  packages = ["."]
  revision = "08b5f424b9271eedf6f9f0ce86cb9396ed337a42"

[[projects]]
  branch = "master"
  name = "github.com/gorilla/websocket"
  packages = ["."]
  revision = "3f3e394da2b801fbe732a935ef40724762a67a07"

[[projects]]
  branch = "master"
  name = "github.com/hashicorp/consul"
  packages = ["api"]
  revision = "22986fbfe899698b534861a012c50ce128c2b713"

[[projects]]
  branch = "master"
  name = "github.com/hashicorp/errwrap"
  packages = ["."]
  revision = "7554cd9344cec97297fa6649b055a8c98c2a1e55"

[[projects]]
  branch = "master"
  name = "github.com/hashicorp/go-cleanhttp"
  packages = ["."]
  revision = "3573b8b52aa7b37b9358d966a898feb387f62437"

[[projects]]
  branch = "master"
  name = "github.com/hashicorp/go-multierror"
  packages = ["."]
  revision = "ed905158d87462226a13fe39ddf685ea65f1c11f"

[[projects]]
  branch = "master"
  name = "github.com/hashicorp/hcl"
  packages = [".","hcl/ast","hcl/parser","hcl/scanner","hcl/strconv","hcl/token","json/parser","json/scanner","json/token"]
  revision = "630949a3c5fa3c613328e1b8256052cbc2327c9b"

[[projects]]
  name = "github.com/hashicorp/serf"
  packages = ["coordinate"]
  revision = "d6574a5bb1226678d7010325fb6c985db20ee458"
  version = "v0.8.1"

[[projects]]
  branch = "master"
  name = "github.com/jinzhu/inflection"
  packages = ["."]
  revision = "1c35d901db3da928c72a72d8458480cc9ade058f"

[[projects]]
  branch = "master"
  name = "github.com/jmcvetta/randutil"
  packages = ["."]
  revision = "2bb1b664bcff821e02b2a0644cd29c7e824d54f8"

[[projects]]
  branch = "master"
  name = "github.com/julienschmidt/httprouter"
  packages = ["."]
  revision = "6f3f3919c8781ce5c0509c83fffc887a7830c938"

[[projects]]
  branch = "master"
  name = "github.com/lxc/lxd"
  packages = [".","shared","shared/api","shared/ioprogress","shared/osarch","shared/simplestreams","shared/version"]
  revision = "2e26a18c0b8666257dca9a91a9c789251914adde"

[[projects]]
  branch = "master"
  name = "github.com/mattn/go-runewidth"
  packages = ["."]
  revision = "14207d285c6c197daabb5c9793d63e7af9ab2d50"

[[projects]]
  branch = "master"
  name = "github.com/mitchellh/mapstructure"
  packages = ["."]
  revision = "53818660ed4955e899c0bcafa97299a388bd7c8e"

[[projects]]
  branch = "master"
  name = "github.com/olekukonko/tablewriter"
  packages = ["."]
  revision = "febf2d34b54a69ce7530036c7503b1c9fbfdf0bb"

[[projects]]
  branch = "master"
  name = "github.com/rs/cors"
  packages = ["."]
  revision = "a62a804a8a009876ca59105f7899938a1349f4b3"

[[projects]]
  branch = "master"
  name = "github.com/rs/xhandler"
  packages = ["."]
  revision = "ed27b6fd65218132ee50cd95f38474a3d8a2cd12"

[[projects]]
  branch = "master"
  name = "github.com/stripe/stripe-go"
  packages = [".","customer","event","orderitem","plan","sub"]
  revision = "52316de96ca8c9120739b13cca17e36eb02c8737"

[[projects]]
  branch = "master"
  name = "github.com/urfave/negroni"
  packages = ["."]
  revision = "c0db5feaa33826cd5117930c8f4ee5c0f565eec6"

[[projects]]
  branch = "master"
  name = "gitlab.com/faststack/billstack"
  packages = ["api","client","model"]
  revision = "47353b80be2b680c12ac092c478f4589fc0d8b1e"

[[projects]]
  branch = "master"
  name = "gitlab.com/faststack/machinestack"
  packages = ["api","client","config","driver","model","scheduler"]
  revision = "5bd0c51278eab2eec5b9776afb47bec179edb7cb"

[[projects]]
  branch = "master"
  name = "go.uber.org/atomic"
  packages = ["."]
  revision = "4e336646b2ef9fc6e47be8e21594178f98e5ebcf"

[[projects]]
  branch = "master"
  name = "go.uber.org/zap"
  packages = [".","buffer","internal/bufferpool","internal/color","internal/exit","internal/multierror","zapcore"]
  revision = "1550bc05539134bbf8612a35f34a79ab8bf34ee3"

[[projects]]
  branch = "master"
  name = "golang.org/x/crypto"
  packages = ["bcrypt","blowfish","ssh/terminal"]
  revision = "cbc3d0884eac986df6e78a039b8792e869bff863"

[[projects]]
  branch = "master"
  name = "golang.org/x/net"
  packages = ["context"]
  revision = "906cda9512f77671ab44f8c8563b13a8e707b230"

[[projects]]
  branch = "master"
  name = "golang.org/x/sys"
  packages = ["unix"]
  revision = "e4594059fe4cde2daf423055a596c2cd1e6c9adf"

[[projects]]
  branch = "v2"
  name = "gopkg.in/urfave/cli.v2"
  packages = [".","altsrc"]
  revision = "04b2f4ff79cf1fd71e138bafc67df8bbdb5b81c2"

[[projects]]
  branch = "v2"
  name = "gopkg.in/yaml.v2"
  packages = ["."]
  revision = "a3f3340b5840cee44f372bddb5880fcbc419b46a"
